// !$*UTF8*$!
{
	archiveVersion = 1;
	classes = {
	};
	objectVersion = 46;
	objects = {

/* Begin PBXBuildFile section */
		450916D618B765DD0092245E /* Foundation.framework in Frameworks */ = {isa = PBXBuildFile; fileRef = 450916D518B765DD0092245E /* Foundation.framework */; };
		450916D818B765DD0092245E /* CoreGraphics.framework in Frameworks */ = {isa = PBXBuildFile; fileRef = 450916D718B765DD0092245E /* CoreGraphics.framework */; };
		450916DA18B765DD0092245E /* UIKit.framework in Frameworks */ = {isa = PBXBuildFile; fileRef = 450916D918B765DD0092245E /* UIKit.framework */; };
		450916E018B765DD0092245E /* InfoPlist.strings in Resources */ = {isa = PBXBuildFile; fileRef = 450916DE18B765DD0092245E /* InfoPlist.strings */; };
		450916E218B765DD0092245E /* main.m in Sources */ = {isa = PBXBuildFile; fileRef = 450916E118B765DD0092245E /* main.m */; };
		450916E618B765DD0092245E /* AppDelegate.m in Sources */ = {isa = PBXBuildFile; fileRef = 450916E518B765DD0092245E /* AppDelegate.m */; };
		450916E818B765DD0092245E /* Images.xcassets in Resources */ = {isa = PBXBuildFile; fileRef = 450916E718B765DD0092245E /* Images.xcassets */; };
		450916EF18B765DD0092245E /* XCTest.framework in Frameworks */ = {isa = PBXBuildFile; fileRef = 450916EE18B765DD0092245E /* XCTest.framework */; };
		450916F018B765DD0092245E /* Foundation.framework in Frameworks */ = {isa = PBXBuildFile; fileRef = 450916D518B765DD0092245E /* Foundation.framework */; };
		450916F118B765DD0092245E /* UIKit.framework in Frameworks */ = {isa = PBXBuildFile; fileRef = 450916D918B765DD0092245E /* UIKit.framework */; };
		450916F918B765DD0092245E /* InfoPlist.strings in Resources */ = {isa = PBXBuildFile; fileRef = 450916F718B765DD0092245E /* InfoPlist.strings */; };
		450916FB18B765DD0092245E /* WedingProjTests.m in Sources */ = {isa = PBXBuildFile; fileRef = 450916FA18B765DD0092245E /* WedingProjTests.m */; };
		4509170818B767760092245E /* WelcomeViewController.m in Sources */ = {isa = PBXBuildFile; fileRef = 4509170618B767760092245E /* WelcomeViewController.m */; };
		4509170918B767760092245E /* WelcomeViewController.xib in Resources */ = {isa = PBXBuildFile; fileRef = 4509170718B767760092245E /* WelcomeViewController.xib */; };
		4509170D18B76DFD0092245E /* LoginViewController.m in Sources */ = {isa = PBXBuildFile; fileRef = 4509170B18B76DFD0092245E /* LoginViewController.m */; };
		4509170E18B76DFD0092245E /* LoginViewController.xib in Resources */ = {isa = PBXBuildFile; fileRef = 4509170C18B76DFD0092245E /* LoginViewController.xib */; };
		4509171318B770AA0092245E /* HomeViewController.m in Sources */ = {isa = PBXBuildFile; fileRef = 4509171118B770AA0092245E /* HomeViewController.m */; };
		4509171418B770AA0092245E /* HomeViewController.xib in Resources */ = {isa = PBXBuildFile; fileRef = 4509171218B770AA0092245E /* HomeViewController.xib */; };
		4509171918B773B00092245E /* GuestViewController.m in Sources */ = {isa = PBXBuildFile; fileRef = 4509171718B773B00092245E /* GuestViewController.m */; };
		4509171A18B773B00092245E /* GuestViewController.xib in Resources */ = {isa = PBXBuildFile; fileRef = 4509171818B773B00092245E /* GuestViewController.xib */; };
		4509171F18B773E60092245E /* InvitationViewController.m in Sources */ = {isa = PBXBuildFile; fileRef = 4509171D18B773E60092245E /* InvitationViewController.m */; };
		4509172018B773E60092245E /* InvitationViewController.xib in Resources */ = {isa = PBXBuildFile; fileRef = 4509171E18B773E60092245E /* InvitationViewController.xib */; };
		4509172518B774090092245E /* EventViewController.m in Sources */ = {isa = PBXBuildFile; fileRef = 4509172318B774090092245E /* EventViewController.m */; };
		4509172618B774090092245E /* EventViewController.xib in Resources */ = {isa = PBXBuildFile; fileRef = 4509172418B774090092245E /* EventViewController.xib */; };
		4509172B18B774360092245E /* TodolistViewController.m in Sources */ = {isa = PBXBuildFile; fileRef = 4509172918B774360092245E /* TodolistViewController.m */; };
		4509172C18B774360092245E /* TodolistViewController.xib in Resources */ = {isa = PBXBuildFile; fileRef = 4509172A18B774360092245E /* TodolistViewController.xib */; };
		4509173118B774740092245E /* BudgetViewController.m in Sources */ = {isa = PBXBuildFile; fileRef = 4509172F18B774740092245E /* BudgetViewController.m */; };
		4509173218B774740092245E /* BudgetViewController.xib in Resources */ = {isa = PBXBuildFile; fileRef = 4509173018B774740092245E /* BudgetViewController.xib */; };
		4509173718B7749D0092245E /* VendorViewController.m in Sources */ = {isa = PBXBuildFile; fileRef = 4509173518B7749D0092245E /* VendorViewController.m */; };
		4509173818B7749D0092245E /* VendorViewController.xib in Resources */ = {isa = PBXBuildFile; fileRef = 4509173618B7749D0092245E /* VendorViewController.xib */; };
		4B05D4D818B8BA090033E7C9 /* Cell.m in Sources */ = {isa = PBXBuildFile; fileRef = 4B05D4D618B8BA090033E7C9 /* Cell.m */; };
		4B05D4D918B8BA090033E7C9 /* Cell.xib in Resources */ = {isa = PBXBuildFile; fileRef = 4B05D4D718B8BA090033E7C9 /* Cell.xib */; };
		7A1741E618B8C2340072747C /* ManageBudget.m in Sources */ = {isa = PBXBuildFile; fileRef = 7A1741E418B8C2340072747C /* ManageBudget.m */; };
		7A1741E718B8C2340072747C /* ManageBudget.xib in Resources */ = {isa = PBXBuildFile; fileRef = 7A1741E518B8C2340072747C /* ManageBudget.xib */; };
		7A1741F118B8C3C60072747C /* CalculateBudget.m in Sources */ = {isa = PBXBuildFile; fileRef = 7A1741EF18B8C3C60072747C /* CalculateBudget.m */; };
		7A1741F218B8C3C60072747C /* CalculateBudget.xib in Resources */ = {isa = PBXBuildFile; fileRef = 7A1741F018B8C3C60072747C /* CalculateBudget.xib */; };
		7AE7B69118BC6F3C00D54692 /* Customcell.m in Sources */ = {isa = PBXBuildFile; fileRef = 7AE7B69018BC6F3C00D54692 /* Customcell.m */; };
		7AE7B69318BC6F5700D54692 /* Customcell.xib in Resources */ = {isa = PBXBuildFile; fileRef = 7AE7B69218BC6F5700D54692 /* Customcell.xib */; };
/* End PBXBuildFile section */

/* Begin PBXContainerItemProxy section */
		450916F218B765DD0092245E /* PBXContainerItemProxy */ = {
			isa = PBXContainerItemProxy;
			containerPortal = 450916CA18B765DD0092245E /* Project object */;
			proxyType = 1;
			remoteGlobalIDString = 450916D118B765DD0092245E;
			remoteInfo = WedingProj;
		};
/* End PBXContainerItemProxy section */

/* Begin PBXFileReference section */
		450916D218B765DD0092245E /* WedingProj.app */ = {isa = PBXFileReference; explicitFileType = wrapper.application; includeInIndex = 0; path = WedingProj.app; sourceTree = BUILT_PRODUCTS_DIR; };
		450916D518B765DD0092245E /* Foundation.framework */ = {isa = PBXFileReference; lastKnownFileType = wrapper.framework; name = Foundation.framework; path = System/Library/Frameworks/Foundation.framework; sourceTree = SDKROOT; };
		450916D718B765DD0092245E /* CoreGraphics.framework */ = {isa = PBXFileReference; lastKnownFileType = wrapper.framework; name = CoreGraphics.framework; path = System/Library/Frameworks/CoreGraphics.framework; sourceTree = SDKROOT; };
		450916D918B765DD0092245E /* UIKit.framework */ = {isa = PBXFileReference; lastKnownFileType = wrapper.framework; name = UIKit.framework; path = System/Library/Frameworks/UIKit.framework; sourceTree = SDKROOT; };
		450916DD18B765DD0092245E /* WedingProj-Info.plist */ = {isa = PBXFileReference; lastKnownFileType = text.plist.xml; path = "WedingProj-Info.plist"; sourceTree = "<group>"; };
		450916DF18B765DD0092245E /* en */ = {isa = PBXFileReference; lastKnownFileType = text.plist.strings; name = en; path = en.lproj/InfoPlist.strings; sourceTree = "<group>"; };
		450916E118B765DD0092245E /* main.m */ = {isa = PBXFileReference; lastKnownFileType = sourcecode.c.objc; path = main.m; sourceTree = "<group>"; };
		450916E318B765DD0092245E /* WedingProj-Prefix.pch */ = {isa = PBXFileReference; lastKnownFileType = sourcecode.c.h; path = "WedingProj-Prefix.pch"; sourceTree = "<group>"; };
		450916E418B765DD0092245E /* AppDelegate.h */ = {isa = PBXFileReference; lastKnownFileType = sourcecode.c.h; path = AppDelegate.h; sourceTree = "<group>"; };
		450916E518B765DD0092245E /* AppDelegate.m */ = {isa = PBXFileReference; lastKnownFileType = sourcecode.c.objc; path = AppDelegate.m; sourceTree = "<group>"; };
		450916E718B765DD0092245E /* Images.xcassets */ = {isa = PBXFileReference; lastKnownFileType = folder.assetcatalog; path = Images.xcassets; sourceTree = "<group>"; };
		450916ED18B765DD0092245E /* WedingProjTests.xctest */ = {isa = PBXFileReference; explicitFileType = wrapper.cfbundle; includeInIndex = 0; path = WedingProjTests.xctest; sourceTree = BUILT_PRODUCTS_DIR; };
		450916EE18B765DD0092245E /* XCTest.framework */ = {isa = PBXFileReference; lastKnownFileType = wrapper.framework; name = XCTest.framework; path = Library/Frameworks/XCTest.framework; sourceTree = DEVELOPER_DIR; };
		450916F618B765DD0092245E /* WedingProjTests-Info.plist */ = {isa = PBXFileReference; lastKnownFileType = text.plist.xml; path = "WedingProjTests-Info.plist"; sourceTree = "<group>"; };
		450916F818B765DD0092245E /* en */ = {isa = PBXFileReference; lastKnownFileType = text.plist.strings; name = en; path = en.lproj/InfoPlist.strings; sourceTree = "<group>"; };
		450916FA18B765DD0092245E /* WedingProjTests.m */ = {isa = PBXFileReference; lastKnownFileType = sourcecode.c.objc; path = WedingProjTests.m; sourceTree = "<group>"; };
		4509170518B767760092245E /* WelcomeViewController.h */ = {isa = PBXFileReference; fileEncoding = 4; lastKnownFileType = sourcecode.c.h; name = WelcomeViewController.h; path = Welcome/WelcomeViewController.h; sourceTree = "<group>"; };
		4509170618B767760092245E /* WelcomeViewController.m */ = {isa = PBXFileReference; fileEncoding = 4; lastKnownFileType = sourcecode.c.objc; name = WelcomeViewController.m; path = Welcome/WelcomeViewController.m; sourceTree = "<group>"; };
		4509170718B767760092245E /* WelcomeViewController.xib */ = {isa = PBXFileReference; fileEncoding = 4; lastKnownFileType = file.xib; name = WelcomeViewController.xib; path = Welcome/WelcomeViewController.xib; sourceTree = "<group>"; };
		4509170A18B76DFD0092245E /* LoginViewController.h */ = {isa = PBXFileReference; fileEncoding = 4; lastKnownFileType = sourcecode.c.h; name = LoginViewController.h; path = Login/LoginViewController.h; sourceTree = "<group>"; };
		4509170B18B76DFD0092245E /* LoginViewController.m */ = {isa = PBXFileReference; fileEncoding = 4; lastKnownFileType = sourcecode.c.objc; name = LoginViewController.m; path = Login/LoginViewController.m; sourceTree = "<group>"; };
		4509170C18B76DFD0092245E /* LoginViewController.xib */ = {isa = PBXFileReference; fileEncoding = 4; lastKnownFileType = file.xib; name = LoginViewController.xib; path = Login/LoginViewController.xib; sourceTree = "<group>"; };
		4509171018B770AA0092245E /* HomeViewController.h */ = {isa = PBXFileReference; fileEncoding = 4; lastKnownFileType = sourcecode.c.h; name = HomeViewController.h; path = Home/HomeViewController.h; sourceTree = "<group>"; };
		4509171118B770AA0092245E /* HomeViewController.m */ = {isa = PBXFileReference; fileEncoding = 4; lastKnownFileType = sourcecode.c.objc; name = HomeViewController.m; path = Home/HomeViewController.m; sourceTree = "<group>"; };
		4509171218B770AA0092245E /* HomeViewController.xib */ = {isa = PBXFileReference; fileEncoding = 4; lastKnownFileType = file.xib; name = HomeViewController.xib; path = Home/HomeViewController.xib; sourceTree = "<group>"; };
		4509171618B773B00092245E /* GuestViewController.h */ = {isa = PBXFileReference; fileEncoding = 4; lastKnownFileType = sourcecode.c.h; name = GuestViewController.h; path = Guest/GuestViewController.h; sourceTree = "<group>"; };
		4509171718B773B00092245E /* GuestViewController.m */ = {isa = PBXFileReference; fileEncoding = 4; lastKnownFileType = sourcecode.c.objc; name = GuestViewController.m; path = Guest/GuestViewController.m; sourceTree = "<group>"; };
		4509171818B773B00092245E /* GuestViewController.xib */ = {isa = PBXFileReference; fileEncoding = 4; lastKnownFileType = file.xib; name = GuestViewController.xib; path = Guest/GuestViewController.xib; sourceTree = "<group>"; };
		4509171C18B773E60092245E /* InvitationViewController.h */ = {isa = PBXFileReference; fileEncoding = 4; lastKnownFileType = sourcecode.c.h; name = InvitationViewController.h; path = Invitation/InvitationViewController.h; sourceTree = "<group>"; };
		4509171D18B773E60092245E /* InvitationViewController.m */ = {isa = PBXFileReference; fileEncoding = 4; lastKnownFileType = sourcecode.c.objc; name = InvitationViewController.m; path = Invitation/InvitationViewController.m; sourceTree = "<group>"; };
		4509171E18B773E60092245E /* InvitationViewController.xib */ = {isa = PBXFileReference; fileEncoding = 4; lastKnownFileType = file.xib; name = InvitationViewController.xib; path = Invitation/InvitationViewController.xib; sourceTree = "<group>"; };
		4509172218B774090092245E /* EventViewController.h */ = {isa = PBXFileReference; fileEncoding = 4; lastKnownFileType = sourcecode.c.h; name = EventViewController.h; path = Event/EventViewController.h; sourceTree = "<group>"; };
		4509172318B774090092245E /* EventViewController.m */ = {isa = PBXFileReference; fileEncoding = 4; lastKnownFileType = sourcecode.c.objc; name = EventViewController.m; path = Event/EventViewController.m; sourceTree = "<group>"; };
		4509172418B774090092245E /* EventViewController.xib */ = {isa = PBXFileReference; fileEncoding = 4; lastKnownFileType = file.xib; name = EventViewController.xib; path = Event/EventViewController.xib; sourceTree = "<group>"; };
		4509172818B774360092245E /* TodolistViewController.h */ = {isa = PBXFileReference; fileEncoding = 4; lastKnownFileType = sourcecode.c.h; name = TodolistViewController.h; path = ToDoList/TodolistViewController.h; sourceTree = "<group>"; };
		4509172918B774360092245E /* TodolistViewController.m */ = {isa = PBXFileReference; fileEncoding = 4; lastKnownFileType = sourcecode.c.objc; name = TodolistViewController.m; path = ToDoList/TodolistViewController.m; sourceTree = "<group>"; };
		4509172A18B774360092245E /* TodolistViewController.xib */ = {isa = PBXFileReference; fileEncoding = 4; lastKnownFileType = file.xib; name = TodolistViewController.xib; path = ToDoList/TodolistViewController.xib; sourceTree = "<group>"; };
		4509172E18B774740092245E /* BudgetViewController.h */ = {isa = PBXFileReference; fileEncoding = 4; lastKnownFileType = sourcecode.c.h; name = BudgetViewController.h; path = Budget/BudgetViewController.h; sourceTree = "<group>"; };
		4509172F18B774740092245E /* BudgetViewController.m */ = {isa = PBXFileReference; fileEncoding = 4; lastKnownFileType = sourcecode.c.objc; name = BudgetViewController.m; path = Budget/BudgetViewController.m; sourceTree = "<group>"; };
		4509173018B774740092245E /* BudgetViewController.xib */ = {isa = PBXFileReference; fileEncoding = 4; lastKnownFileType = file.xib; name = BudgetViewController.xib; path = Budget/BudgetViewController.xib; sourceTree = "<group>"; };
		4509173418B7749D0092245E /* VendorViewController.h */ = {isa = PBXFileReference; fileEncoding = 4; lastKnownFileType = sourcecode.c.h; name = VendorViewController.h; path = Vendor/VendorViewController.h; sourceTree = "<group>"; };
		4509173518B7749D0092245E /* VendorViewController.m */ = {isa = PBXFileReference; fileEncoding = 4; lastKnownFileType = sourcecode.c.objc; name = VendorViewController.m; path = Vendor/VendorViewController.m; sourceTree = "<group>"; };
		4509173618B7749D0092245E /* VendorViewController.xib */ = {isa = PBXFileReference; fileEncoding = 4; lastKnownFileType = file.xib; name = VendorViewController.xib; path = Vendor/VendorViewController.xib; sourceTree = "<group>"; };
		4B05D4D518B8BA090033E7C9 /* Cell.h */ = {isa = PBXFileReference; fileEncoding = 4; lastKnownFileType = sourcecode.c.h; name = Cell.h; path = Guest/Cell/Cell.h; sourceTree = "<group>"; };
		4B05D4D618B8BA090033E7C9 /* Cell.m */ = {isa = PBXFileReference; fileEncoding = 4; lastKnownFileType = sourcecode.c.objc; name = Cell.m; path = Guest/Cell/Cell.m; sourceTree = "<group>"; };
		4B05D4D718B8BA090033E7C9 /* Cell.xib */ = {isa = PBXFileReference; fileEncoding = 4; lastKnownFileType = file.xib; name = Cell.xib; path = Guest/Cell/Cell.xib; sourceTree = "<group>"; };
		7A1741E318B8C2340072747C /* ManageBudget.h */ = {isa = PBXFileReference; fileEncoding = 4; lastKnownFileType = sourcecode.c.h; name = ManageBudget.h; path = "Budget/Manage Budget/ManageBudget.h"; sourceTree = "<group>"; };
		7A1741E418B8C2340072747C /* ManageBudget.m */ = {isa = PBXFileReference; fileEncoding = 4; lastKnownFileType = sourcecode.c.objc; name = ManageBudget.m; path = "Budget/Manage Budget/ManageBudget.m"; sourceTree = "<group>"; };
		7A1741E518B8C2340072747C /* ManageBudget.xib */ = {isa = PBXFileReference; fileEncoding = 4; lastKnownFileType = file.xib; name = ManageBudget.xib; path = "Budget/Manage Budget/ManageBudget.xib"; sourceTree = "<group>"; };
		7A1741EE18B8C3C60072747C /* CalculateBudget.h */ = {isa = PBXFileReference; fileEncoding = 4; lastKnownFileType = sourcecode.c.h; name = CalculateBudget.h; path = Budget/CalculateBudget/CalculateBudget.h; sourceTree = "<group>"; };
		7A1741EF18B8C3C60072747C /* CalculateBudget.m */ = {isa = PBXFileReference; fileEncoding = 4; lastKnownFileType = sourcecode.c.objc; name = CalculateBudget.m; path = Budget/CalculateBudget/CalculateBudget.m; sourceTree = "<group>"; };
		7A1741F018B8C3C60072747C /* CalculateBudget.xib */ = {isa = PBXFileReference; fileEncoding = 4; lastKnownFileType = file.xib; name = CalculateBudget.xib; path = Budget/CalculateBudget/CalculateBudget.xib; sourceTree = "<group>"; };
		7AE7B68F18BC6F3C00D54692 /* Customcell.h */ = {isa = PBXFileReference; fileEncoding = 4; lastKnownFileType = sourcecode.c.h; name = Customcell.h; path = "Budget/Manage Budget/Customcell/Customcell.h"; sourceTree = "<group>"; };
		7AE7B69018BC6F3C00D54692 /* Customcell.m */ = {isa = PBXFileReference; fileEncoding = 4; lastKnownFileType = sourcecode.c.objc; name = Customcell.m; path = "Budget/Manage Budget/Customcell/Customcell.m"; sourceTree = "<group>"; };
		7AE7B69218BC6F5700D54692 /* Customcell.xib */ = {isa = PBXFileReference; fileEncoding = 4; lastKnownFileType = file.xib; name = Customcell.xib; path = "Budget/Manage Budget/Customcell/Customcell.xib"; sourceTree = "<group>"; };
/* End PBXFileReference section */

/* Begin PBXFrameworksBuildPhase section */
		450916CF18B765DD0092245E /* Frameworks */ = {
			isa = PBXFrameworksBuildPhase;
			buildActionMask = 2147483647;
			files = (
				450916D818B765DD0092245E /* CoreGraphics.framework in Frameworks */,
				450916DA18B765DD0092245E /* UIKit.framework in Frameworks */,
				450916D618B765DD0092245E /* Foundation.framework in Frameworks */,
			);
			runOnlyForDeploymentPostprocessing = 0;
		};
		450916EA18B765DD0092245E /* Frameworks */ = {
			isa = PBXFrameworksBuildPhase;
			buildActionMask = 2147483647;
			files = (
				450916EF18B765DD0092245E /* XCTest.framework in Frameworks */,
				450916F118B765DD0092245E /* UIKit.framework in Frameworks */,
				450916F018B765DD0092245E /* Foundation.framework in Frameworks */,
			);
			runOnlyForDeploymentPostprocessing = 0;
		};
/* End PBXFrameworksBuildPhase section */

/* Begin PBXGroup section */
		450916C918B765DD0092245E = {
			isa = PBXGroup;
			children = (
				4509173918B774A80092245E /* Vendor */,
				4509173318B774780092245E /* Budget */,
				4509172D18B7743A0092245E /* ToDoList */,
				4509172718B7740F0092245E /* Event */,
				4509172118B773EB0092245E /* Invitation */,
				4509171B18B773B60092245E /* Guest */,
				4509171518B770B10092245E /* Home */,
				4509170F18B76FEB0092245E /* Login */,
				4509170418B7674F0092245E /* Welcome */,
				450916DB18B765DD0092245E /* WedingProj */,
				450916F418B765DD0092245E /* WedingProjTests */,
				450916D418B765DD0092245E /* Frameworks */,
				450916D318B765DD0092245E /* Products */,
			);
			sourceTree = "<group>";
		};
		450916D318B765DD0092245E /* Products */ = {
			isa = PBXGroup;
			children = (
				450916D218B765DD0092245E /* WedingProj.app */,
				450916ED18B765DD0092245E /* WedingProjTests.xctest */,
			);
			name = Products;
			sourceTree = "<group>";
		};
		450916D418B765DD0092245E /* Frameworks */ = {
			isa = PBXGroup;
			children = (
				450916D518B765DD0092245E /* Foundation.framework */,
				450916D718B765DD0092245E /* CoreGraphics.framework */,
				450916D918B765DD0092245E /* UIKit.framework */,
				450916EE18B765DD0092245E /* XCTest.framework */,
			);
			name = Frameworks;
			sourceTree = "<group>";
		};
		450916DB18B765DD0092245E /* WedingProj */ = {
			isa = PBXGroup;
			children = (
				450916E418B765DD0092245E /* AppDelegate.h */,
				450916E518B765DD0092245E /* AppDelegate.m */,
				450916E718B765DD0092245E /* Images.xcassets */,
				450916DC18B765DD0092245E /* Supporting Files */,
			);
			path = WedingProj;
			sourceTree = "<group>";
		};
		450916DC18B765DD0092245E /* Supporting Files */ = {
			isa = PBXGroup;
			children = (
				450916DD18B765DD0092245E /* WedingProj-Info.plist */,
				450916DE18B765DD0092245E /* InfoPlist.strings */,
				450916E118B765DD0092245E /* main.m */,
				450916E318B765DD0092245E /* WedingProj-Prefix.pch */,
			);
			name = "Supporting Files";
			sourceTree = "<group>";
		};
		450916F418B765DD0092245E /* WedingProjTests */ = {
			isa = PBXGroup;
			children = (
				450916FA18B765DD0092245E /* WedingProjTests.m */,
				450916F518B765DD0092245E /* Supporting Files */,
			);
			path = WedingProjTests;
			sourceTree = "<group>";
		};
		450916F518B765DD0092245E /* Supporting Files */ = {
			isa = PBXGroup;
			children = (
				450916F618B765DD0092245E /* WedingProjTests-Info.plist */,
				450916F718B765DD0092245E /* InfoPlist.strings */,
			);
			name = "Supporting Files";
			sourceTree = "<group>";
		};
		4509170418B7674F0092245E /* Welcome */ = {
			isa = PBXGroup;
			children = (
				4509170518B767760092245E /* WelcomeViewController.h */,
				4509170618B767760092245E /* WelcomeViewController.m */,
				4509170718B767760092245E /* WelcomeViewController.xib */,
			);
			name = Welcome;
			sourceTree = "<group>";
		};
		4509170F18B76FEB0092245E /* Login */ = {
			isa = PBXGroup;
			children = (
				4509170A18B76DFD0092245E /* LoginViewController.h */,
				4509170B18B76DFD0092245E /* LoginViewController.m */,
				4509170C18B76DFD0092245E /* LoginViewController.xib */,
			);
			name = Login;
			sourceTree = "<group>";
		};
		4509171518B770B10092245E /* Home */ = {
			isa = PBXGroup;
			children = (
				4509171018B770AA0092245E /* HomeViewController.h */,
				4509171118B770AA0092245E /* HomeViewController.m */,
				4509171218B770AA0092245E /* HomeViewController.xib */,
			);
			name = Home;
			sourceTree = "<group>";
		};
		4509171B18B773B60092245E /* Guest */ = {
			isa = PBXGroup;
			children = (
				4B05D4C918B8B6190033E7C9 /* Cell */,
				4509171618B773B00092245E /* GuestViewController.h */,
				4509171718B773B00092245E /* GuestViewController.m */,
				4509171818B773B00092245E /* GuestViewController.xib */,
			);
			name = Guest;
			sourceTree = "<group>";
		};
		4509172118B773EB0092245E /* Invitation */ = {
			isa = PBXGroup;
			children = (
				4509171C18B773E60092245E /* InvitationViewController.h */,
				4509171D18B773E60092245E /* InvitationViewController.m */,
				4509171E18B773E60092245E /* InvitationViewController.xib */,
			);
			name = Invitation;
			sourceTree = "<group>";
		};
		4509172718B7740F0092245E /* Event */ = {
			isa = PBXGroup;
			children = (
				4509172218B774090092245E /* EventViewController.h */,
				4509172318B774090092245E /* EventViewController.m */,
				4509172418B774090092245E /* EventViewController.xib */,
			);
			name = Event;
			sourceTree = "<group>";
		};
		4509172D18B7743A0092245E /* ToDoList */ = {
			isa = PBXGroup;
			children = (
				4509172818B774360092245E /* TodolistViewController.h */,
				4509172918B774360092245E /* TodolistViewController.m */,
				4509172A18B774360092245E /* TodolistViewController.xib */,
			);
			name = ToDoList;
			sourceTree = "<group>";
		};
		4509173318B774780092245E /* Budget */ = {
			isa = PBXGroup;
			children = (
				7A1741E818B8C2500072747C /* Budget */,
				7A1741E118B8C1E50072747C /* CalculateBudget */,
				7A1741E218B8C2040072747C /* ManageBudget */,
			);
			name = Budget;
			sourceTree = "<group>";
		};
		4509173918B774A80092245E /* Vendor */ = {
			isa = PBXGroup;
			children = (
				4509173418B7749D0092245E /* VendorViewController.h */,
				4509173518B7749D0092245E /* VendorViewController.m */,
				4509173618B7749D0092245E /* VendorViewController.xib */,
			);
			name = Vendor;
			sourceTree = "<group>";
		};
		4B05D4C918B8B6190033E7C9 /* Cell */ = {
			isa = PBXGroup;
			children = (
				4B05D4D518B8BA090033E7C9 /* Cell.h */,
				4B05D4D618B8BA090033E7C9 /* Cell.m */,
				4B05D4D718B8BA090033E7C9 /* Cell.xib */,
			);
			name = Cell;
			sourceTree = "<group>";
		};
		7A1741E118B8C1E50072747C /* CalculateBudget */ = {
			isa = PBXGroup;
			children = (
				7A1741EE18B8C3C60072747C /* CalculateBudget.h */,
				7A1741EF18B8C3C60072747C /* CalculateBudget.m */,
				7A1741F018B8C3C60072747C /* CalculateBudget.xib */,
			);
			name = CalculateBudget;
			sourceTree = "<group>";
		};
		7A1741E218B8C2040072747C /* ManageBudget */ = {
			isa = PBXGroup;
			children = (
				7AE7B68E18BC6EFB00D54692 /* customcell */,
				7A1741E318B8C2340072747C /* ManageBudget.h */,
				7A1741E418B8C2340072747C /* ManageBudget.m */,
				7A1741E518B8C2340072747C /* ManageBudget.xib */,
			);
			name = ManageBudget;
			sourceTree = "<group>";
		};
		7A1741E818B8C2500072747C /* Budget */ = {
			isa = PBXGroup;
			children = (
				4509172E18B774740092245E /* BudgetViewController.h */,
				4509172F18B774740092245E /* BudgetViewController.m */,
				4509173018B774740092245E /* BudgetViewController.xib */,
			);
			name = Budget;
			sourceTree = "<group>";
		};
		7AE7B68E18BC6EFB00D54692 /* customcell */ = {
			isa = PBXGroup;
			children = (
				7AE7B68F18BC6F3C00D54692 /* Customcell.h */,
				7AE7B69018BC6F3C00D54692 /* Customcell.m */,
				7AE7B69218BC6F5700D54692 /* Customcell.xib */,
			);
			name = customcell;
			sourceTree = "<group>";
		};
/* End PBXGroup section */

/* Begin PBXNativeTarget section */
		450916D118B765DD0092245E /* WedingProj */ = {
			isa = PBXNativeTarget;
			buildConfigurationList = 450916FE18B765DD0092245E /* Build configuration list for PBXNativeTarget "WedingProj" */;
			buildPhases = (
				450916CE18B765DD0092245E /* Sources */,
				450916CF18B765DD0092245E /* Frameworks */,
				450916D018B765DD0092245E /* Resources */,
			);
			buildRules = (
			);
			dependencies = (
			);
			name = WedingProj;
			productName = WedingProj;
			productReference = 450916D218B765DD0092245E /* WedingProj.app */;
			productType = "com.apple.product-type.application";
		};
		450916EC18B765DD0092245E /* WedingProjTests */ = {
			isa = PBXNativeTarget;
			buildConfigurationList = 4509170118B765DD0092245E /* Build configuration list for PBXNativeTarget "WedingProjTests" */;
			buildPhases = (
				450916E918B765DD0092245E /* Sources */,
				450916EA18B765DD0092245E /* Frameworks */,
				450916EB18B765DD0092245E /* Resources */,
			);
			buildRules = (
			);
			dependencies = (
				450916F318B765DD0092245E /* PBXTargetDependency */,
			);
			name = WedingProjTests;
			productName = WedingProjTests;
			productReference = 450916ED18B765DD0092245E /* WedingProjTests.xctest */;
			productType = "com.apple.product-type.bundle.unit-test";
		};
/* End PBXNativeTarget section */

/* Begin PBXProject section */
		450916CA18B765DD0092245E /* Project object */ = {
			isa = PBXProject;
			attributes = {
				LastUpgradeCheck = 0500;
				ORGANIZATIONNAME = "Micronix Technologies";
				TargetAttributes = {
					450916EC18B765DD0092245E = {
						TestTargetID = 450916D118B765DD0092245E;
					};
				};
			};
			buildConfigurationList = 450916CD18B765DD0092245E /* Build configuration list for PBXProject "WedingProj" */;
			compatibilityVersion = "Xcode 3.2";
			developmentRegion = English;
			hasScannedForEncodings = 0;
			knownRegions = (
				en,
			);
			mainGroup = 450916C918B765DD0092245E;
			productRefGroup = 450916D318B765DD0092245E /* Products */;
			projectDirPath = "";
			projectRoot = "";
			targets = (
				450916D118B765DD0092245E /* WedingProj */,
				450916EC18B765DD0092245E /* WedingProjTests */,
			);
		};
/* End PBXProject section */

/* Begin PBXResourcesBuildPhase section */
		450916D018B765DD0092245E /* Resources */ = {
			isa = PBXResourcesBuildPhase;
			buildActionMask = 2147483647;
			files = (
				4509170E18B76DFD0092245E /* LoginViewController.xib in Resources */,
				7A1741F218B8C3C60072747C /* CalculateBudget.xib in Resources */,
				4B05D4D918B8BA090033E7C9 /* Cell.xib in Resources */,
				4509173218B774740092245E /* BudgetViewController.xib in Resources */,
				4509172618B774090092245E /* EventViewController.xib in Resources */,
				7A1741E718B8C2340072747C /* ManageBudget.xib in Resources */,
				4509173818B7749D0092245E /* VendorViewController.xib in Resources */,
				450916E018B765DD0092245E /* InfoPlist.strings in Resources */,
				4509172C18B774360092245E /* TodolistViewController.xib in Resources */,
				4509171418B770AA0092245E /* HomeViewController.xib in Resources */,
				4509172018B773E60092245E /* InvitationViewController.xib in Resources */,
				450916E818B765DD0092245E /* Images.xcassets in Resources */,
				4509170918B767760092245E /* WelcomeViewController.xib in Resources */,
				7AE7B69318BC6F5700D54692 /* Customcell.xib in Resources */,
				4509171A18B773B00092245E /* GuestViewController.xib in Resources */,
			);
			runOnlyForDeploymentPostprocessing = 0;
		};
		450916EB18B765DD0092245E /* Resources */ = {
			isa = PBXResourcesBuildPhase;
			buildActionMask = 2147483647;
			files = (
				450916F918B765DD0092245E /* InfoPlist.strings in Resources */,
			);
			runOnlyForDeploymentPostprocessing = 0;
		};
/* End PBXResourcesBuildPhase section */

/* Begin PBXSourcesBuildPhase section */
		450916CE18B765DD0092245E /* Sources */ = {
			isa = PBXSourcesBuildPhase;
			buildActionMask = 2147483647;
			files = (
				4509170D18B76DFD0092245E /* LoginViewController.m in Sources */,
				4509172518B774090092245E /* EventViewController.m in Sources */,
				4509171918B773B00092245E /* GuestViewController.m in Sources */,
				450916E618B765DD0092245E /* AppDelegate.m in Sources */,
				4509172B18B774360092245E /* TodolistViewController.m in Sources */,
				4B05D4D818B8BA090033E7C9 /* Cell.m in Sources */,
				4509171F18B773E60092245E /* InvitationViewController.m in Sources */,
				450916E218B765DD0092245E /* main.m in Sources */,
				7A1741E618B8C2340072747C /* ManageBudget.m in Sources */,
				7A1741F118B8C3C60072747C /* CalculateBudget.m in Sources */,
				4509171318B770AA0092245E /* HomeViewController.m in Sources */,
				4509170818B767760092245E /* WelcomeViewController.m in Sources */,
				4509173718B7749D0092245E /* VendorViewController.m in Sources */,
				4509173118B774740092245E /* BudgetViewController.m in Sources */,
				7AE7B69118BC6F3C00D54692 /* Customcell.m in Sources */,
			);
			runOnlyForDeploymentPostprocessing = 0;
		};
		450916E918B765DD0092245E /* Sources */ = {
			isa = PBXSourcesBuildPhase;
			buildActionMask = 2147483647;
			files = (
				450916FB18B765DD0092245E /* WedingProjTests.m in Sources */,
			);
			runOnlyForDeploymentPostprocessing = 0;
		};
/* End PBXSourcesBuildPhase section */

/* Begin PBXTargetDependency section */
		450916F318B765DD0092245E /* PBXTargetDependency */ = {
			isa = PBXTargetDependency;
			target = 450916D118B765DD0092245E /* WedingProj */;
			targetProxy = 450916F218B765DD0092245E /* PBXContainerItemProxy */;
		};
/* End PBXTargetDependency section */

/* Begin PBXVariantGroup section */
		450916DE18B765DD0092245E /* InfoPlist.strings */ = {
			isa = PBXVariantGroup;
			children = (
				450916DF18B765DD0092245E /* en */,
			);
			name = InfoPlist.strings;
			sourceTree = "<group>";
		};
		450916F718B765DD0092245E /* InfoPlist.strings */ = {
			isa = PBXVariantGroup;
			children = (
				450916F818B765DD0092245E /* en */,
			);
			name = InfoPlist.strings;
			sourceTree = "<group>";
		};
/* End PBXVariantGroup section */

/* Begin XCBuildConfiguration section */
		450916FC18B765DD0092245E /* Debug */ = {
			isa = XCBuildConfiguration;
			buildSettings = {
				ALWAYS_SEARCH_USER_PATHS = NO;
				ARCHS = "$(ARCHS_STANDARD_INCLUDING_64_BIT)";
				CLANG_CXX_LANGUAGE_STANDARD = "gnu++0x";
				CLANG_CXX_LIBRARY = "libc++";
				CLANG_ENABLE_MODULES = YES;
				CLANG_ENABLE_OBJC_ARC = YES;
				CLANG_WARN_BOOL_CONVERSION = YES;
				CLANG_WARN_CONSTANT_CONVERSION = YES;
				CLANG_WARN_DIRECT_OBJC_ISA_USAGE = YES_ERROR;
				CLANG_WARN_EMPTY_BODY = YES;
				CLANG_WARN_ENUM_CONVERSION = YES;
				CLANG_WARN_INT_CONVERSION = YES;
				CLANG_WARN_OBJC_ROOT_CLASS = YES_ERROR;
				CLANG_WARN__DUPLICATE_METHOD_MATCH = YES;
				"CODE_SIGN_IDENTITY[sdk=iphoneos*]" = "iPhone Developer";
				COPY_PHASE_STRIP = NO;
				GCC_C_LANGUAGE_STANDARD = gnu99;
				GCC_DYNAMIC_NO_PIC = NO;
				GCC_OPTIMIZATION_LEVEL = 0;
				GCC_PREPROCESSOR_DEFINITIONS = (
					"DEBUG=1",
					"$(inherited)",
				);
				GCC_SYMBOLS_PRIVATE_EXTERN = NO;
				GCC_WARN_64_TO_32_BIT_CONVERSION = YES;
				GCC_WARN_ABOUT_RETURN_TYPE = YES_ERROR;
				GCC_WARN_UNDECLARED_SELECTOR = YES;
				GCC_WARN_UNINITIALIZED_AUTOS = YES;
				GCC_WARN_UNUSED_FUNCTION = YES;
				GCC_WARN_UNUSED_VARIABLE = YES;
				IPHONEOS_DEPLOYMENT_TARGET = 7.0;
				ONLY_ACTIVE_ARCH = YES;
				SDKROOT = iphoneos;
			};
			name = Debug;
		};
		450916FD18B765DD0092245E /* Release */ = {
			isa = XCBuildConfiguration;
			buildSettings = {
				ALWAYS_SEARCH_USER_PATHS = NO;
				ARCHS = "$(ARCHS_STANDARD_INCLUDING_64_BIT)";
				CLANG_CXX_LANGUAGE_STANDARD = "gnu++0x";
				CLANG_CXX_LIBRARY = "libc++";
				CLANG_ENABLE_MODULES = YES;
				CLANG_ENABLE_OBJC_ARC = YES;
				CLANG_WARN_BOOL_CONVERSION = YES;
				CLANG_WARN_CONSTANT_CONVERSION = YES;
				CLANG_WARN_DIRECT_OBJC_ISA_USAGE = YES_ERROR;
				CLANG_WARN_EMPTY_BODY = YES;
				CLANG_WARN_ENUM_CONVERSION = YES;
				CLANG_WARN_INT_CONVERSION = YES;
				CLANG_WARN_OBJC_ROOT_CLASS = YES_ERROR;
				CLANG_WARN__DUPLICATE_METHOD_MATCH = YES;
				"CODE_SIGN_IDENTITY[sdk=iphoneos*]" = "iPhone Developer";
				COPY_PHASE_STRIP = YES;
				ENABLE_NS_ASSERTIONS = NO;
				GCC_C_LANGUAGE_STANDARD = gnu99;
				GCC_WARN_64_TO_32_BIT_CONVERSION = YES;
				GCC_WARN_ABOUT_RETURN_TYPE = YES_ERROR;
				GCC_WARN_UNDECLARED_SELECTOR = YES;
				GCC_WARN_UNINITIALIZED_AUTOS = YES;
				GCC_WARN_UNUSED_FUNCTION = YES;
				GCC_WARN_UNUSED_VARIABLE = YES;
				IPHONEOS_DEPLOYMENT_TARGET = 7.0;
				SDKROOT = iphoneos;
				VALIDATE_PRODUCT = YES;
			};
			name = Release;
		};
		450916FF18B765DD0092245E /* Debug */ = {
			isa = XCBuildConfiguration;
			buildSettings = {
				ASSETCATALOG_COMPILER_APPICON_NAME = AppIcon;
				ASSETCATALOG_COMPILER_LAUNCHIMAGE_NAME = LaunchImage;
				GCC_PRECOMPILE_PREFIX_HEADER = YES;
				GCC_PREFIX_HEADER = "WedingProj/WedingProj-Prefix.pch";
				INFOPLIST_FILE = "WedingProj/WedingProj-Info.plist";
				PRODUCT_NAME = "$(TARGET_NAME)";
				WRAPPER_EXTENSION = app;
			};
			name = Debug;
		};
		4509170018B765DD0092245E /* Release */ = {
			isa = XCBuildConfiguration;
			buildSettings = {
				ASSETCATALOG_COMPILER_APPICON_NAME = AppIcon;
				ASSETCATALOG_COMPILER_LAUNCHIMAGE_NAME = LaunchImage;
				GCC_PRECOMPILE_PREFIX_HEADER = YES;
				GCC_PREFIX_HEADER = "WedingProj/WedingProj-Prefix.pch";
				INFOPLIST_FILE = "WedingProj/WedingProj-Info.plist";
				PRODUCT_NAME = "$(TARGET_NAME)";
				WRAPPER_EXTENSION = app;
			};
			name = Release;
		};
		4509170218B765DD0092245E /* Debug */ = {
			isa = XCBuildConfiguration;
			buildSettings = {
				ARCHS = "$(ARCHS_STANDARD_INCLUDING_64_BIT)";
				BUNDLE_LOADER = "$(BUILT_PRODUCTS_DIR)/WedingProj.app/WedingProj";
				FRAMEWORK_SEARCH_PATHS = (
					"$(SDKROOT)/Developer/Library/Frameworks",
					"$(inherited)",
					"$(DEVELOPER_FRAMEWORKS_DIR)",
				);
				GCC_PRECOMPILE_PREFIX_HEADER = YES;
				GCC_PREFIX_HEADER = "WedingProj/WedingProj-Prefix.pch";
				GCC_PREPROCESSOR_DEFINITIONS = (
					"DEBUG=1",
					"$(inherited)",
				);
				INFOPLIST_FILE = "WedingProjTests/WedingProjTests-Info.plist";
				PRODUCT_NAME = "$(TARGET_NAME)";
				TEST_HOST = "$(BUNDLE_LOADER)";
				WRAPPER_EXTENSION = xctest;
			};
			name = Debug;
		};
		4509170318B765DD0092245E /* Release */ = {
			isa = XCBuildConfiguration;
			buildSettings = {
				ARCHS = "$(ARCHS_STANDARD_INCLUDING_64_BIT)";
				BUNDLE_LOADER = "$(BUILT_PRODUCTS_DIR)/WedingProj.app/WedingProj";
				FRAMEWORK_SEARCH_PATHS = (
					"$(SDKROOT)/Developer/Library/Frameworks",
					"$(inherited)",
					"$(DEVELOPER_FRAMEWORKS_DIR)",
				);
				GCC_PRECOMPILE_PREFIX_HEADER = YES;
				GCC_PREFIX_HEADER = "WedingProj/WedingProj-Prefix.pch";
				INFOPLIST_FILE = "WedingProjTests/WedingProjTests-Info.plist";
				PRODUCT_NAME = "$(TARGET_NAME)";
				TEST_HOST = "$(BUNDLE_LOADER)";
				WRAPPER_EXTENSION = xctest;
			};
			name = Release;
		};
/* End XCBuildConfiguration section */

/* Begin XCConfigurationList section */
		450916CD18B765DD0092245E /* Build configuration list for PBXProject "WedingProj" */ = {
			isa = XCConfigurationList;
			buildConfigurations = (
				450916FC18B765DD0092245E /* Debug */,
				450916FD18B765DD0092245E /* Release */,
			);
			defaultConfigurationIsVisible = 0;
			defaultConfigurationName = Release;
		};
		450916FE18B765DD0092245E /* Build configuration list for PBXNativeTarget "WedingProj" */ = {
			isa = XCConfigurationList;
			buildConfigurations = (
				450916FF18B765DD0092245E /* Debug */,
				4509170018B765DD0092245E /* Release */,
			);
			defaultConfigurationIsVisible = 0;
			defaultConfigurationName = Release;
		};
		4509170118B765DD0092245E /* Build configuration list for PBXNativeTarget "WedingProjTests" */ = {
			isa = XCConfigurationList;
			buildConfigurations = (
				4509170218B765DD0092245E /* Debug */,
				4509170318B765DD0092245E /* Release */,
			);
			defaultConfigurationIsVisible = 0;
			defaultConfigurationName = Release;
		};
/* End XCConfigurationList section */
	};
	rootObject = 450916CA18B765DD0092245E /* Project object */;
}
